{
  "nodes": {
    "home-manager": {
      "inputs": {
        "nixpkgs": [
          "nixpkgs"
        ]
      },
      "locked": {
        "lastModified": 1729716953,
        "narHash": "sha256-FbRKGRRd0amsk/WS/UV9ukJ8jT1dZ2pJBISxkX+uq6A=",
        "owner": "nix-community",
        "repo": "home-manager",
        "rev": "a4353cc43d1b4dd6bdeacea90eb92a8b7b78a9d7",
        "type": "github"
      },
      "original": {
        "owner": "nix-community",
        "repo": "home-manager",
        "type": "github"
      }
    },
    "nixpkgs": {
      "locked": {
        "lastModified": 1729690727,
        "narHash": "sha256-kpkyedYvqiVvMhHaDaIPqD0tUgT+reMMRjrjnlZ1aQo=",
        "owner": "NixOS",
        "repo": "nixpkgs",
        "rev": "be79af5ec63facf6c7709094db72b253c34e1ac2",
        "type": "github"
      },
      "original": {
        "id": "nixpkgs",
        "type": "indirect"
      }
    },
    "root": {
      "inputs": {
        "home-manager": "home-manager",
        "nixpkgs": "nixpkgs"
      }
    }
  },
  "root": "root",
  "version": 7
}
