{
  "nodes": {
    "home-manager": {
      "inputs": {
        "nixpkgs": [
          "nixpkgs"
        ]
      },
      "locked": {
        "lastModified": 1749628652,
        "narHash": "sha256-f8jDF4G9m7pPySeQc6KskqMgtcJq6X1o2CytMx66qAE=",
        "owner": "nix-community",
        "repo": "home-manager",
        "rev": "450f06ec3cd0d86f67db58a7245db8848773e895",
        "type": "github"
      },
      "original": {
        "owner": "nix-community",
        "repo": "home-manager",
        "type": "github"
      }
    },
    "nixpkgs": {
      "locked": {
        "lastModified": 1749558678,
        "narHash": "sha256-DUVAe8E2X2QM0dAnTGlTiqemMqUMMyIeCH7UeNo0g64=",
        "owner": "NixOS",
        "repo": "nixpkgs",
        "rev": "a12f3a99614894502e73eb816e9e076b0ab05730",
        "type": "github"
      },
      "original": {
        "id": "nixpkgs",
        "type": "indirect"
      }
    },
    "root": {
      "inputs": {
        "home-manager": "home-manager",
        "nixpkgs": "nixpkgs"
      }
    }
  },
  "root": "root",
  "version": 7
}
